{
  "version": 4,
  "terraform_version": "1.9.1",
  "serial": 47,
  "lineage": "2ea57f2e-88ec-fe9c-b752-f75f9cb42d58",
  "outputs": {
    "sagemaker_domain_arn": {
      "value": "arn:aws:sagemaker:eu-west-2:767397877485:domain/d-ubntoz5opiei",
      "type": "string"
    },
    "sagemaker_domain_name": {
      "value": "bora-sagemaker-domain",
      "type": "string"
    },
    "sagemaker_space_arn": {
      "value": "arn:aws:sagemaker:eu-west-2:767397877485:space/d-ubntoz5opiei/bora-jupyterlab-space",
      "type": "string"
    }
  },
  "resources": [
    {
      "mode": "data",
      "type": "aws_caller_identity",
      "name": "current",
      "provider": "provider[\"registry.terraform.io/hashicorp/aws\"]",
      "instances": [
        {
          "schema_version": 0,
          "attributes": {
            "account_id": "767397877485",
            "arn": "arn:aws:sts::767397877485:assumed-role/cloudboost_account_operator/2224874@cognizant.com",
            "id": "767397877485",
            "user_id": "AROA3FLD2K3WXY2XIBIHI:2224874@cognizant.com"
          },
          "sensitive_attributes": []
        }
      ]
    },
    {
      "mode": "data",
      "type": "aws_iam_policy_document",
      "name": "aoss_policy_doc",
      "provider": "provider[\"registry.terraform.io/hashicorp/aws\"]",
      "instances": [
        {
          "schema_version": 0,
          "attributes": {
            "id": "3570099271",
            "json": "{\n  \"Version\": \"2012-10-17\",\n  \"Statement\": [\n    {\n      \"Effect\": \"Allow\",\n      \"Action\": [\n        \"aoss:UpdateSecurityPolicy\",\n        \"aoss:ListSecurityPolicies\",\n        \"aoss:DescribeSecurityPolicy\",\n        \"aoss:DeleteSecurityPolicy\",\n        \"aoss:CreateSecurityPolicy\"\n      ],\n      \"Resource\": \"arn:aws:aoss:eu-west-2:767397877485:collection/*\"\n    }\n  ]\n}",
            "minified_json": "{\"Version\":\"2012-10-17\",\"Statement\":[{\"Effect\":\"Allow\",\"Action\":[\"aoss:UpdateSecurityPolicy\",\"aoss:ListSecurityPolicies\",\"aoss:DescribeSecurityPolicy\",\"aoss:DeleteSecurityPolicy\",\"aoss:CreateSecurityPolicy\"],\"Resource\":\"arn:aws:aoss:eu-west-2:767397877485:collection/*\"}]}",
            "override_json": null,
            "override_policy_documents": null,
            "policy_id": null,
            "source_json": null,
            "source_policy_documents": null,
            "statement": [
              {
                "actions": [
                  "aoss:CreateSecurityPolicy",
                  "aoss:DeleteSecurityPolicy",
                  "aoss:DescribeSecurityPolicy",
                  "aoss:ListSecurityPolicies",
                  "aoss:UpdateSecurityPolicy"
                ],
                "condition": [],
                "effect": "Allow",
                "not_actions": [],
                "not_principals": [],
                "not_resources": [],
                "principals": [],
                "resources": [
                  "arn:aws:aoss:eu-west-2:767397877485:collection/*"
                ],
                "sid": ""
              }
            ],
            "version": "2012-10-17"
          },
          "sensitive_attributes": []
        }
      ]
    },
    {
      "mode": "data",
      "type": "aws_iam_policy_document",
      "name": "bedrock_policy_doc",
      "provider": "provider[\"registry.terraform.io/hashicorp/aws\"]",
      "instances": [
        {
          "schema_version": 0,
          "attributes": {
            "id": "743490749",
            "json": "{\n  \"Version\": \"2012-10-17\",\n  \"Statement\": [\n    {\n      \"Effect\": \"Allow\",\n      \"Action\": \"bedrock:*\",\n      \"Resource\": \"*\"\n    }\n  ]\n}",
            "minified_json": "{\"Version\":\"2012-10-17\",\"Statement\":[{\"Effect\":\"Allow\",\"Action\":\"bedrock:*\",\"Resource\":\"*\"}]}",
            "override_json": null,
            "override_policy_documents": null,
            "policy_id": null,
            "source_json": null,
            "source_policy_documents": null,
            "statement": [
              {
                "actions": [
                  "bedrock:*"
                ],
                "condition": [],
                "effect": "Allow",
                "not_actions": [],
                "not_principals": [],
                "not_resources": [],
                "principals": [],
                "resources": [
                  "*"
                ],
                "sid": ""
              }
            ],
            "version": "2012-10-17"
          },
          "sensitive_attributes": []
        }
      ]
    },
    {
      "mode": "data",
      "type": "aws_partition",
      "name": "current",
      "provider": "provider[\"registry.terraform.io/hashicorp/aws\"]",
      "instances": [
        {
          "schema_version": 0,
          "attributes": {
            "dns_suffix": "amazonaws.com",
            "id": "aws",
            "partition": "aws",
            "reverse_dns_prefix": "com.amazonaws"
          },
          "sensitive_attributes": []
        }
      ]
    },
    {
      "mode": "managed",
      "type": "aws_iam_policy",
      "name": "aoss_policy",
      "provider": "provider[\"registry.terraform.io/hashicorp/aws\"]",
      "instances": [
        {
          "schema_version": 0,
          "attributes": {
            "arn": "arn:aws:iam::767397877485:policy/AOSSFullAccessPolicyForSageMaker",
            "attachment_count": 1,
            "description": "Allows SageMaker to perform AOSS actions needed by Bedrock agents",
            "id": "arn:aws:iam::767397877485:policy/AOSSFullAccessPolicyForSageMaker",
            "name": "AOSSFullAccessPolicyForSageMaker",
            "name_prefix": "",
            "path": "/",
            "policy": "{\"Statement\":[{\"Action\":[\"aoss:UpdateSecurityPolicy\",\"aoss:ListSecurityPolicies\",\"aoss:DescribeSecurityPolicy\",\"aoss:DeleteSecurityPolicy\",\"aoss:CreateSecurityPolicy\"],\"Effect\":\"Allow\",\"Resource\":\"arn:aws:aoss:eu-west-2:767397877485:collection/*\"}],\"Version\":\"2012-10-17\"}",
            "policy_id": "ANPA3FLD2K3WZZ4XKXJB4",
            "tags": {},
            "tags_all": {}
          },
          "sensitive_attributes": [],
          "private": "bnVsbA==",
          "dependencies": [
            "data.aws_caller_identity.current",
            "data.aws_iam_policy_document.aoss_policy_doc",
            "data.aws_partition.current"
          ]
        }
      ]
    },
    {
      "mode": "managed",
      "type": "aws_iam_policy",
      "name": "bedrock_policy",
      "provider": "provider[\"registry.terraform.io/hashicorp/aws\"]",
      "instances": [
        {
          "schema_version": 0,
          "attributes": {
            "arn": "arn:aws:iam::767397877485:policy/SageMakerBedrockPolicy",
            "attachment_count": 1,
            "description": "Allows SageMaker to call Amazon Bedrock APIs",
            "id": "arn:aws:iam::767397877485:policy/SageMakerBedrockPolicy",
            "name": "SageMakerBedrockPolicy",
            "name_prefix": "",
            "path": "/",
            "policy": "{\"Statement\":[{\"Action\":\"bedrock:*\",\"Effect\":\"Allow\",\"Resource\":\"*\"}],\"Version\":\"2012-10-17\"}",
            "policy_id": "ANPA3FLD2K3WQ2Y2QVCYC",
            "tags": {},
            "tags_all": {}
          },
          "sensitive_attributes": [],
          "private": "bnVsbA==",
          "dependencies": [
            "data.aws_iam_policy_document.bedrock_policy_doc"
          ]
        }
      ]
    },
    {
      "mode": "managed",
      "type": "aws_iam_policy_attachment",
      "name": "amazon_bedrock_full_access",
      "provider": "provider[\"registry.terraform.io/hashicorp/aws\"]",
      "instances": [
        {
          "schema_version": 0,
          "attributes": {
            "groups": [],
            "id": "amazon-bedrock-full-access",
            "name": "amazon-bedrock-full-access",
            "policy_arn": "arn:aws:iam::aws:policy/AmazonBedrockFullAccess",
            "roles": [
              "sagemaker_execution_role"
            ],
            "users": []
          },
          "sensitive_attributes": [],
          "private": "bnVsbA==",
          "dependencies": [
            "aws_iam_role.sagemaker_role"
          ]
        }
      ]
    },
    {
      "mode": "managed",
      "type": "aws_iam_policy_attachment",
      "name": "amazon_dynamodb_full_access",
      "provider": "provider[\"registry.terraform.io/hashicorp/aws\"]",
      "instances": [
        {
          "schema_version": 0,
          "attributes": {
            "groups": [],
            "id": "amazon-dynamodb-full-access",
            "name": "amazon-dynamodb-full-access",
            "policy_arn": "arn:aws:iam::aws:policy/AmazonDynamoDBFullAccess",
            "roles": [
              "sagemaker_execution_role"
            ],
            "users": []
          },
          "sensitive_attributes": [],
          "private": "bnVsbA==",
          "dependencies": [
            "aws_iam_role.sagemaker_role"
          ]
        }
      ]
    },
    {
      "mode": "managed",
      "type": "aws_iam_policy_attachment",
      "name": "aws_lambda_full_access",
      "provider": "provider[\"registry.terraform.io/hashicorp/aws\"]",
      "instances": [
        {
          "schema_version": 0,
          "attributes": {
            "groups": [],
            "id": "aws-lambda-full-access",
            "name": "aws-lambda-full-access",
            "policy_arn": "arn:aws:iam::aws:policy/AWSLambda_FullAccess",
            "roles": [
              "sagemaker_execution_role"
            ],
            "users": []
          },
          "sensitive_attributes": [],
          "private": "bnVsbA==",
          "dependencies": [
            "aws_iam_role.sagemaker_role"
          ]
        }
      ]
    },
    {
      "mode": "managed",
      "type": "aws_iam_policy_attachment",
      "name": "iam_full_access",
      "provider": "provider[\"registry.terraform.io/hashicorp/aws\"]",
      "instances": [
        {
          "schema_version": 0,
          "attributes": {
            "groups": [],
            "id": "iam-full-access",
            "name": "iam-full-access",
            "policy_arn": "arn:aws:iam::aws:policy/IAMFullAccess",
            "roles": [
              "sagemaker_execution_role"
            ],
            "users": []
          },
          "sensitive_attributes": [],
          "private": "bnVsbA==",
          "dependencies": [
            "aws_iam_role.sagemaker_role"
          ]
        }
      ]
    },
    {
      "mode": "managed",
      "type": "aws_iam_policy_attachment",
      "name": "sagemaker_policy_attachment",
      "provider": "provider[\"registry.terraform.io/hashicorp/aws\"]",
      "instances": [
        {
          "schema_version": 0,
          "attributes": {
            "groups": [],
            "id": "sagemaker-policy-attachment",
            "name": "sagemaker-policy-attachment",
            "policy_arn": "arn:aws:iam::aws:policy/AmazonSageMakerFullAccess",
            "roles": [
              "sagemaker_execution_role"
            ],
            "users": []
          },
          "sensitive_attributes": [],
          "private": "bnVsbA==",
          "dependencies": [
            "aws_iam_role.sagemaker_role"
          ]
        }
      ]
    },
    {
      "mode": "managed",
      "type": "aws_iam_role",
      "name": "sagemaker_role",
      "provider": "provider[\"registry.terraform.io/hashicorp/aws\"]",
      "instances": [
        {
          "schema_version": 0,
          "attributes": {
            "arn": "arn:aws:iam::767397877485:role/sagemaker_execution_role",
            "assume_role_policy": "{\"Statement\":[{\"Action\":\"sts:AssumeRole\",\"Effect\":\"Allow\",\"Principal\":{\"Service\":\"sagemaker.amazonaws.com\"}}],\"Version\":\"2012-10-17\"}",
            "create_date": "2025-04-08T10:23:18Z",
            "description": "",
            "force_detach_policies": false,
            "id": "sagemaker_execution_role",
            "inline_policy": [],
            "managed_policy_arns": [
              "arn:aws:iam::767397877485:policy/AOSSFullAccessPolicyForSageMaker",
              "arn:aws:iam::767397877485:policy/SageMakerBedrockPolicy",
              "arn:aws:iam::aws:policy/AWSLambda_FullAccess",
              "arn:aws:iam::aws:policy/AmazonBedrockFullAccess",
              "arn:aws:iam::aws:policy/AmazonDynamoDBFullAccess",
              "arn:aws:iam::aws:policy/AmazonSageMakerFullAccess",
              "arn:aws:iam::aws:policy/IAMFullAccess"
            ],
            "max_session_duration": 3600,
            "name": "sagemaker_execution_role",
            "name_prefix": "",
            "path": "/",
            "permissions_boundary": "",
            "tags": {},
            "tags_all": {},
            "unique_id": "AROA3FLD2K3WWEW5QFXPP"
          },
          "sensitive_attributes": [],
          "private": "bnVsbA=="
        }
      ]
    },
    {
      "mode": "managed",
      "type": "aws_iam_role_policy_attachment",
      "name": "aoss_policy_attachment",
      "provider": "provider[\"registry.terraform.io/hashicorp/aws\"]",
      "instances": [
        {
          "schema_version": 0,
          "attributes": {
            "id": "sagemaker_execution_role-20250412195051816700000001",
            "policy_arn": "arn:aws:iam::767397877485:policy/AOSSFullAccessPolicyForSageMaker",
            "role": "sagemaker_execution_role"
          },
          "sensitive_attributes": [],
          "private": "bnVsbA==",
          "dependencies": [
            "aws_iam_policy.aoss_policy",
            "aws_iam_role.sagemaker_role",
            "data.aws_caller_identity.current",
            "data.aws_iam_policy_document.aoss_policy_doc",
            "data.aws_partition.current"
          ]
        }
      ]
    },
    {
      "mode": "managed",
      "type": "aws_iam_role_policy_attachment",
      "name": "bedrock_policy_attachment",
      "provider": "provider[\"registry.terraform.io/hashicorp/aws\"]",
      "instances": [
        {
          "schema_version": 0,
          "attributes": {
            "id": "sagemaker_execution_role-20250409205309086000000001",
            "policy_arn": "arn:aws:iam::767397877485:policy/SageMakerBedrockPolicy",
            "role": "sagemaker_execution_role"
          },
          "sensitive_attributes": [],
          "private": "bnVsbA==",
          "dependencies": [
            "aws_iam_policy.bedrock_policy",
            "aws_iam_role.sagemaker_role",
            "data.aws_iam_policy_document.bedrock_policy_doc"
          ]
        }
      ]
    },
    {
      "mode": "managed",
      "type": "aws_sagemaker_domain",
      "name": "sagemaker_domain",
      "provider": "provider[\"registry.terraform.io/hashicorp/aws\"]",
      "instances": [
        {
          "schema_version": 0,
          "attributes": {
            "app_network_access_type": "PublicInternetOnly",
            "app_security_group_management": "",
            "arn": "arn:aws:sagemaker:eu-west-2:767397877485:domain/d-ubntoz5opiei",
            "auth_mode": "IAM",
            "default_space_settings": [
              {
                "custom_file_system_config": [],
                "custom_posix_user_config": [],
                "execution_role": "arn:aws:iam::767397877485:role/sagemaker_execution_role",
                "jupyter_lab_app_settings": [],
                "jupyter_server_app_settings": [
                  {
                    "code_repository": [],
                    "default_resource_spec": [
                      {
                        "instance_type": "system",
                        "lifecycle_config_arn": "",
                        "sagemaker_image_arn": "",
                        "sagemaker_image_version_alias": "",
                        "sagemaker_image_version_arn": ""
                      }
                    ],
                    "lifecycle_config_arns": []
                  }
                ],
                "kernel_gateway_app_settings": [],
                "security_groups": [],
                "space_storage_settings": []
              }
            ],
            "default_user_settings": [
              {
                "auto_mount_home_efs": "Enabled",
                "canvas_app_settings": [],
                "code_editor_app_settings": [],
                "custom_file_system_config": [],
                "custom_posix_user_config": [],
                "default_landing_uri": "studio::",
                "execution_role": "arn:aws:iam::767397877485:role/sagemaker_execution_role",
                "jupyter_lab_app_settings": [],
                "jupyter_server_app_settings": [
                  {
                    "code_repository": [],
                    "default_resource_spec": [
                      {
                        "instance_type": "system",
                        "lifecycle_config_arn": "",
                        "sagemaker_image_arn": "",
                        "sagemaker_image_version_alias": "",
                        "sagemaker_image_version_arn": ""
                      }
                    ],
                    "lifecycle_config_arns": []
                  }
                ],
                "kernel_gateway_app_settings": [],
                "r_session_app_settings": [],
                "r_studio_server_pro_app_settings": [],
                "security_groups": [],
                "sharing_settings": [],
                "space_storage_settings": [],
                "studio_web_portal": "ENABLED",
                "studio_web_portal_settings": [],
                "tensor_board_app_settings": []
              }
            ],
            "domain_name": "bora-sagemaker-domain",
            "domain_settings": [],
            "home_efs_file_system_id": "fs-0b67abed8918ea1de",
            "id": "d-ubntoz5opiei",
            "kms_key_id": "",
            "retention_policy": [],
            "security_group_id_for_domain_boundary": "",
            "single_sign_on_application_arn": "",
            "single_sign_on_managed_application_instance_id": "",
            "subnet_ids": [
              "subnet-04416bda8984295af"
            ],
            "tag_propagation": "DISABLED",
            "tags": {},
            "tags_all": {},
            "url": "https://d-ubntoz5opiei.studio.eu-west-2.sagemaker.aws",
            "vpc_id": "vpc-0babaaae47936667f"
          },
          "sensitive_attributes": [],
          "private": "bnVsbA==",
          "dependencies": [
            "aws_iam_role.sagemaker_role",
            "aws_subnet.sagemaker_subnet",
            "aws_vpc.sagemaker_vpc"
          ]
        }
      ]
    },
    {
      "mode": "managed",
      "type": "aws_sagemaker_space",
      "name": "bora_jupyterlab_space",
      "provider": "provider[\"registry.terraform.io/hashicorp/aws\"]",
      "instances": [
        {
          "schema_version": 0,
          "attributes": {
            "arn": "arn:aws:sagemaker:eu-west-2:767397877485:space/d-ubntoz5opiei/bora-jupyterlab-space",
            "domain_id": "d-ubntoz5opiei",
            "home_efs_file_system_uid": "200010",
            "id": "arn:aws:sagemaker:eu-west-2:767397877485:space/d-ubntoz5opiei/bora-jupyterlab-space",
            "ownership_settings": [],
            "space_display_name": "",
            "space_name": "bora-jupyterlab-space",
            "space_settings": [
              {
                "app_type": "",
                "code_editor_app_settings": [],
                "custom_file_system": [],
                "jupyter_lab_app_settings": [],
                "jupyter_server_app_settings": [
                  {
                    "code_repository": [],
                    "default_resource_spec": [
                      {
                        "instance_type": "system",
                        "lifecycle_config_arn": "",
                        "sagemaker_image_arn": "",
                        "sagemaker_image_version_alias": "",
                        "sagemaker_image_version_arn": ""
                      }
                    ],
                    "lifecycle_config_arns": []
                  }
                ],
                "kernel_gateway_app_settings": [],
                "space_storage_settings": []
              }
            ],
            "space_sharing_settings": [],
            "tags": {},
            "tags_all": {},
            "url": "https://9gala2azefbbjqh.studio.eu-west-2.sagemaker.aws"
          },
          "sensitive_attributes": [],
          "private": "bnVsbA==",
          "dependencies": [
            "aws_iam_role.sagemaker_role",
            "aws_sagemaker_domain.sagemaker_domain",
            "aws_subnet.sagemaker_subnet",
            "aws_vpc.sagemaker_vpc"
          ]
        }
      ]
    },
    {
      "mode": "managed",
      "type": "aws_sagemaker_user_profile",
      "name": "bora_user",
      "provider": "provider[\"registry.terraform.io/hashicorp/aws\"]",
      "instances": [
        {
          "schema_version": 0,
          "attributes": {
            "arn": "arn:aws:sagemaker:eu-west-2:767397877485:user-profile/d-ubntoz5opiei/bora-user",
            "domain_id": "d-ubntoz5opiei",
            "home_efs_file_system_uid": "200005",
            "id": "arn:aws:sagemaker:eu-west-2:767397877485:user-profile/d-ubntoz5opiei/bora-user",
            "single_sign_on_user_identifier": "",
            "single_sign_on_user_value": "",
            "tags": {},
            "tags_all": {},
            "user_profile_name": "bora-user",
            "user_settings": [
              {
                "auto_mount_home_efs": "DefaultAsDomain",
                "canvas_app_settings": [],
                "code_editor_app_settings": [],
                "custom_file_system_config": [],
                "custom_posix_user_config": [],
                "default_landing_uri": "",
                "execution_role": "arn:aws:iam::767397877485:role/sagemaker_execution_role",
                "jupyter_lab_app_settings": [],
                "jupyter_server_app_settings": [
                  {
                    "code_repository": [],
                    "default_resource_spec": [
                      {
                        "instance_type": "system",
                        "lifecycle_config_arn": "",
                        "sagemaker_image_arn": "",
                        "sagemaker_image_version_alias": "",
                        "sagemaker_image_version_arn": ""
                      }
                    ],
                    "lifecycle_config_arns": []
                  }
                ],
                "kernel_gateway_app_settings": [],
                "r_session_app_settings": [],
                "r_studio_server_pro_app_settings": [],
                "security_groups": [],
                "sharing_settings": [],
                "space_storage_settings": [],
                "studio_web_portal": "",
                "studio_web_portal_settings": [],
                "tensor_board_app_settings": []
              }
            ]
          },
          "sensitive_attributes": [],
          "private": "bnVsbA==",
          "dependencies": [
            "aws_iam_role.sagemaker_role",
            "aws_sagemaker_domain.sagemaker_domain",
            "aws_subnet.sagemaker_subnet",
            "aws_vpc.sagemaker_vpc"
          ]
        }
      ]
    },
    {
      "mode": "managed",
      "type": "aws_subnet",
      "name": "sagemaker_subnet",
      "provider": "provider[\"registry.terraform.io/hashicorp/aws\"]",
      "instances": [
        {
          "schema_version": 1,
          "attributes": {
            "arn": "arn:aws:ec2:eu-west-2:767397877485:subnet/subnet-04416bda8984295af",
            "assign_ipv6_address_on_creation": false,
            "availability_zone": "eu-west-2a",
            "availability_zone_id": "euw2-az2",
            "cidr_block": "10.0.1.0/24",
            "customer_owned_ipv4_pool": "",
            "enable_dns64": false,
            "enable_lni_at_device_index": 0,
            "enable_resource_name_dns_a_record_on_launch": false,
            "enable_resource_name_dns_aaaa_record_on_launch": false,
            "id": "subnet-04416bda8984295af",
            "ipv6_cidr_block": "",
            "ipv6_cidr_block_association_id": "",
            "ipv6_native": false,
            "map_customer_owned_ip_on_launch": false,
            "map_public_ip_on_launch": true,
            "outpost_arn": "",
            "owner_id": "767397877485",
            "private_dns_hostname_type_on_launch": "ip-name",
            "tags": {},
            "tags_all": {},
            "timeouts": null,
            "vpc_id": "vpc-0babaaae47936667f"
          },
          "sensitive_attributes": [],
          "private": "eyJlMmJmYjczMC1lY2FhLTExZTYtOGY4OC0zNDM2M2JjN2M0YzAiOnsiY3JlYXRlIjo2MDAwMDAwMDAwMDAsImRlbGV0ZSI6MTIwMDAwMDAwMDAwMH0sInNjaGVtYV92ZXJzaW9uIjoiMSJ9",
          "dependencies": [
            "aws_vpc.sagemaker_vpc"
          ]
        }
      ]
    },
    {
      "mode": "managed",
      "type": "aws_vpc",
      "name": "sagemaker_vpc",
      "provider": "provider[\"registry.terraform.io/hashicorp/aws\"]",
      "instances": [
        {
          "schema_version": 1,
          "attributes": {
            "arn": "arn:aws:ec2:eu-west-2:767397877485:vpc/vpc-0babaaae47936667f",
            "assign_generated_ipv6_cidr_block": false,
            "cidr_block": "10.0.0.0/16",
            "default_network_acl_id": "acl-00cc2edfe93633a54",
            "default_route_table_id": "rtb-0faa761bbf45d384b",
            "default_security_group_id": "sg-0ba7466091dfcc65c",
            "dhcp_options_id": "dopt-0af9b14604b186c5c",
            "enable_dns_hostnames": false,
            "enable_dns_support": true,
            "enable_network_address_usage_metrics": false,
            "id": "vpc-0babaaae47936667f",
            "instance_tenancy": "default",
            "ipv4_ipam_pool_id": null,
            "ipv4_netmask_length": null,
            "ipv6_association_id": "",
            "ipv6_cidr_block": "",
            "ipv6_cidr_block_network_border_group": "",
            "ipv6_ipam_pool_id": "",
            "ipv6_netmask_length": 0,
            "main_route_table_id": "rtb-0faa761bbf45d384b",
            "owner_id": "767397877485",
            "tags": {},
            "tags_all": {}
          },
          "sensitive_attributes": [],
          "private": "eyJzY2hlbWFfdmVyc2lvbiI6IjEifQ=="
        }
      ]
    }
  ],
  "check_results": null
}
